
Microsoft Visual Studio Solution File, Format Version 12.00
# Visual Studio Version 17
VisualStudioVersion = 17.0.31903.59
MinimumVisualStudioVersion = 10.0.40219.1
Project("{2150E333-8FDC-42A3-9474-1A3956D46DE8}") = "src", "src", "{1F171AE2-AA7F-4CA8-88ED-8626BFB39039}"
EndProject
Project("{2150E333-8FDC-42A3-9474-1A3956D46DE8}") = "01 - Presentation", "01 - Presentation", "{F55EDDA7-D80A-4F45-8B74-24EFE2166886}"
EndProject
Project("{9A19103F-16F7-4668-BE54-9A1E7A4F7556}") = "Vehicles.API", "src\Presentation.API\Vehicles.API.csproj", "{144D2559-6564-41A3-828E-39E1FE70ED22}"
EndProject
Project("{2150E333-8FDC-42A3-9474-1A3956D46DE8}") = "02 - Application", "02 - Application", "{18060A98-7317-45AE-B0EA-8937FD353029}"
EndProject
Project("{9A19103F-16F7-4668-BE54-9A1E7A4F7556}") = "Application.Services", "src\Application.Services\Application.Services.csproj", "{56222764-F1A6-4900-8D72-C7F82BB509A7}"
EndProject
Project("{9A19103F-16F7-4668-BE54-9A1E7A4F7556}") = "Application.DTO", "src\Application.DTO\Application.DTO.csproj", "{BB301826-3BC3-425D-8EE9-A7133FE53AA1}"
EndProject
Project("{2150E333-8FDC-42A3-9474-1A3956D46DE8}") = "03 - Domain", "03 - Domain", "{20EF4FBD-409A-4D70-AF58-A191A46CB358}"
EndProject
Project("{9A19103F-16F7-4668-BE54-9A1E7A4F7556}") = "Domain.Model", "src\Domain.Model\Domain.Model.csproj", "{969A35E6-BE12-455A-A611-CECBDDA97C80}"
EndProject
Project("{2150E333-8FDC-42A3-9474-1A3956D46DE8}") = "04 - Data", "04 - Data", "{3270944C-2617-488F-B580-FCDE78BBF107}"
EndProject
Project("{9A19103F-16F7-4668-BE54-9A1E7A4F7556}") = "Data.SqlServer", "src\Data.SqlServer\Data.SqlServer.csproj", "{20A870FD-EB59-461B-B190-C58BEDF30A4F}"
EndProject
Project("{2150E333-8FDC-42A3-9474-1A3956D46DE8}") = "05 - Infrastructure", "05 - Infrastructure", "{5B27F7E7-7EF2-4E5B-AFF1-D9AF78A851EB}"
EndProject
Project("{9A19103F-16F7-4668-BE54-9A1E7A4F7556}") = "Infrastructure.Crosscutting", "src\Infrastructure.Crosscutting\Infrastructure.Crosscutting.csproj", "{36D423C9-B11E-41F6-B141-B08FAE3BACD5}"
EndProject
Project("{2150E333-8FDC-42A3-9474-1A3956D46DE8}") = "tests", "tests", "{E0EB4CBD-92AF-407C-8C30-A1CEBA039D1C}"
EndProject
Project("{9A19103F-16F7-4668-BE54-9A1E7A4F7556}") = "Unit.Tests", "tests\Unit.Tests\Unit.Tests.csproj", "{C4977FE3-B978-4372-B527-F94771953F2D}"
EndProject
Project("{9A19103F-16F7-4668-BE54-9A1E7A4F7556}") = "Infrastructure.Gateways", "Infrastructure.Gateways\Infrastructure.Gateways.csproj", "{CB22E543-9A5F-4F31-8369-85B0E0D911FB}"
EndProject
Global
	GlobalSection(SolutionConfigurationPlatforms) = preSolution
		Debug|Any CPU = Debug|Any CPU
		Release|Any CPU = Release|Any CPU
	EndGlobalSection
	GlobalSection(ProjectConfigurationPlatforms) = postSolution
		{144D2559-6564-41A3-828E-39E1FE70ED22}.Debug|Any CPU.ActiveCfg = Debug|Any CPU
		{144D2559-6564-41A3-828E-39E1FE70ED22}.Debug|Any CPU.Build.0 = Debug|Any CPU
		{144D2559-6564-41A3-828E-39E1FE70ED22}.Release|Any CPU.ActiveCfg = Release|Any CPU
		{144D2559-6564-41A3-828E-39E1FE70ED22}.Release|Any CPU.Build.0 = Release|Any CPU
		{56222764-F1A6-4900-8D72-C7F82BB509A7}.Debug|Any CPU.ActiveCfg = Debug|Any CPU
		{56222764-F1A6-4900-8D72-C7F82BB509A7}.Debug|Any CPU.Build.0 = Debug|Any CPU
		{56222764-F1A6-4900-8D72-C7F82BB509A7}.Release|Any CPU.ActiveCfg = Release|Any CPU
		{56222764-F1A6-4900-8D72-C7F82BB509A7}.Release|Any CPU.Build.0 = Release|Any CPU
		{BB301826-3BC3-425D-8EE9-A7133FE53AA1}.Debug|Any CPU.ActiveCfg = Debug|Any CPU
		{BB301826-3BC3-425D-8EE9-A7133FE53AA1}.Debug|Any CPU.Build.0 = Debug|Any CPU
		{BB301826-3BC3-425D-8EE9-A7133FE53AA1}.Release|Any CPU.ActiveCfg = Release|Any CPU
		{BB301826-3BC3-425D-8EE9-A7133FE53AA1}.Release|Any CPU.Build.0 = Release|Any CPU
		{969A35E6-BE12-455A-A611-CECBDDA97C80}.Debug|Any CPU.ActiveCfg = Debug|Any CPU
		{969A35E6-BE12-455A-A611-CECBDDA97C80}.Debug|Any CPU.Build.0 = Debug|Any CPU
		{969A35E6-BE12-455A-A611-CECBDDA97C80}.Release|Any CPU.ActiveCfg = Release|Any CPU
		{969A35E6-BE12-455A-A611-CECBDDA97C80}.Release|Any CPU.Build.0 = Release|Any CPU
		{20A870FD-EB59-461B-B190-C58BEDF30A4F}.Debug|Any CPU.ActiveCfg = Debug|Any CPU
		{20A870FD-EB59-461B-B190-C58BEDF30A4F}.Debug|Any CPU.Build.0 = Debug|Any CPU
		{20A870FD-EB59-461B-B190-C58BEDF30A4F}.Release|Any CPU.ActiveCfg = Release|Any CPU
		{20A870FD-EB59-461B-B190-C58BEDF30A4F}.Release|Any CPU.Build.0 = Release|Any CPU
		{36D423C9-B11E-41F6-B141-B08FAE3BACD5}.Debug|Any CPU.ActiveCfg = Debug|Any CPU
		{36D423C9-B11E-41F6-B141-B08FAE3BACD5}.Debug|Any CPU.Build.0 = Debug|Any CPU
		{36D423C9-B11E-41F6-B141-B08FAE3BACD5}.Release|Any CPU.ActiveCfg = Release|Any CPU
		{36D423C9-B11E-41F6-B141-B08FAE3BACD5}.Release|Any CPU.Build.0 = Release|Any CPU
		{C4977FE3-B978-4372-B527-F94771953F2D}.Debug|Any CPU.ActiveCfg = Debug|Any CPU
		{C4977FE3-B978-4372-B527-F94771953F2D}.Debug|Any CPU.Build.0 = Debug|Any CPU
		{C4977FE3-B978-4372-B527-F94771953F2D}.Release|Any CPU.ActiveCfg = Release|Any CPU
		{C4977FE3-B978-4372-B527-F94771953F2D}.Release|Any CPU.Build.0 = Release|Any CPU
		{CB22E543-9A5F-4F31-8369-85B0E0D911FB}.Debug|Any CPU.ActiveCfg = Debug|Any CPU
		{CB22E543-9A5F-4F31-8369-85B0E0D911FB}.Debug|Any CPU.Build.0 = Debug|Any CPU
		{CB22E543-9A5F-4F31-8369-85B0E0D911FB}.Release|Any CPU.ActiveCfg = Release|Any CPU
		{CB22E543-9A5F-4F31-8369-85B0E0D911FB}.Release|Any CPU.Build.0 = Release|Any CPU
	EndGlobalSection
	GlobalSection(SolutionProperties) = preSolution
		HideSolutionNode = FALSE
	EndGlobalSection
	GlobalSection(NestedProjects) = preSolution
		{F55EDDA7-D80A-4F45-8B74-24EFE2166886} = {1F171AE2-AA7F-4CA8-88ED-8626BFB39039}
		{144D2559-6564-41A3-828E-39E1FE70ED22} = {F55EDDA7-D80A-4F45-8B74-24EFE2166886}
		{18060A98-7317-45AE-B0EA-8937FD353029} = {1F171AE2-AA7F-4CA8-88ED-8626BFB39039}
		{56222764-F1A6-4900-8D72-C7F82BB509A7} = {18060A98-7317-45AE-B0EA-8937FD353029}
		{BB301826-3BC3-425D-8EE9-A7133FE53AA1} = {18060A98-7317-45AE-B0EA-8937FD353029}
		{20EF4FBD-409A-4D70-AF58-A191A46CB358} = {1F171AE2-AA7F-4CA8-88ED-8626BFB39039}
		{969A35E6-BE12-455A-A611-CECBDDA97C80} = {20EF4FBD-409A-4D70-AF58-A191A46CB358}
		{3270944C-2617-488F-B580-FCDE78BBF107} = {1F171AE2-AA7F-4CA8-88ED-8626BFB39039}
		{20A870FD-EB59-461B-B190-C58BEDF30A4F} = {3270944C-2617-488F-B580-FCDE78BBF107}
		{5B27F7E7-7EF2-4E5B-AFF1-D9AF78A851EB} = {1F171AE2-AA7F-4CA8-88ED-8626BFB39039}
		{36D423C9-B11E-41F6-B141-B08FAE3BACD5} = {5B27F7E7-7EF2-4E5B-AFF1-D9AF78A851EB}
		{C4977FE3-B978-4372-B527-F94771953F2D} = {E0EB4CBD-92AF-407C-8C30-A1CEBA039D1C}
		{CB22E543-9A5F-4F31-8369-85B0E0D911FB} = {5B27F7E7-7EF2-4E5B-AFF1-D9AF78A851EB}
	EndGlobalSection
	GlobalSection(ExtensibilityGlobals) = postSolution
		SolutionGuid = {C8F4715B-F191-4610-84A1-CE72FDEEC594}
	EndGlobalSection
EndGlobal
